# This file is automatically @generated by Cargo.
# It is not intended for manual editing.
version = 3

[[package]]
name = "bitflags"
version = "1.3.2"
source = "registry+https://github.com/rust-lang/crates.io-index"
checksum = "bef38d45163c2f1dde094a7dfd33ccf595c92905c8f8f4fdc18d06fb1037718a"

[[package]]
name = "cfg-if"
version = "1.0.0"
source = "registry+https://github.com/rust-lang/crates.io-index"
checksum = "baf1de4339761588bc0619e3cbc0120ee582ebb74b53b4efbf79117bd2da40fd"

[[package]]
name = "charl"
version = "0.1.0"
dependencies = [
 "gpiod",
 "lcd",
]

[[package]]
name = "gpiod"
version = "0.2.3"
source = "registry+https://github.com/rust-lang/crates.io-index"
checksum = "262a4f47f419475031188f70ca019e8d035ac3849f296fd7ccff8018804f6d53"
dependencies = [
 "gpiod-core",
]

[[package]]
name = "gpiod-core"
version = "0.2.3"
source = "registry+https://github.com/rust-lang/crates.io-index"
checksum = "1e40a9a5455e6b1fb75d0020d14d8628932ce5f8020cd5fe378feb13761a98bf"
dependencies = [
 "nix",
]

[[package]]
name = "lcd"
version = "0.4.1"
source = "registry+https://github.com/rust-lang/crates.io-index"
checksum = "971d8fd9a162c0bda137b341493cce134a2f55f3317b8533d992934bc523c325"

[[package]]
name = "libc"
version = "0.2.153"
source = "registry+https://github.com/rust-lang/crates.io-index"
checksum = "9c198f91728a82281a64e1f4f9eeb25d82cb32a5de251c6bd1b5154d63a8e7bd"

[[package]]
name = "nix"
version = "0.26.4"
source = "registry+https://github.com/rust-lang/crates.io-index"
checksum = "598beaf3cc6fdd9a5dfb1630c2800c7acd31df7aaf0f565796fba2b53ca1af1b"
dependencies = [
 "bitflags",
 "cfg-if",
 "libc",
]
